
Microsoft Visual Studio Solution File, Format Version 12.00
# Visual Studio Version 17
VisualStudioVersion = 17.0.31903.59
MinimumVisualStudioVersion = 10.0.40219.1
Project("{9A19103F-16F7-4668-BE54-9A1E7A4F7556}") = "API", "API\API.csproj", "{49D5DB5D-5CF5-42F8-A928-CAA70A71878D}"
EndProject
Global
	GlobalSection(SolutionConfigurationPlatforms) = preSolution
		Debug|Any CPU = Debug|Any CPU
		Release|Any CPU = Release|Any CPU
	EndGlobalSection
	GlobalSection(ProjectConfigurationPlatforms) = postSolution
		{49D5DB5D-5CF5-42F8-A928-CAA70A71878D}.Debug|Any CPU.ActiveCfg = Debug|Any CPU
		{49D5DB5D-5CF5-42F8-A928-CAA70A71878D}.Debug|Any CPU.Build.0 = Debug|Any CPU
		{49D5DB5D-5CF5-42F8-A928-CAA70A71878D}.Release|Any CPU.ActiveCfg = Release|Any CPU
		{49D5DB5D-5CF5-42F8-A928-CAA70A71878D}.Release|Any CPU.Build.0 = Release|Any CPU
	EndGlobalSection
	GlobalSection(SolutionProperties) = preSolution
		HideSolutionNode = FALSE
	EndGlobalSection
	GlobalSection(ExtensibilityGlobals) = postSolution
		SolutionGuid = {46918EFB-61D2-4058-AEFF-47B09FB9234F}
	EndGlobalSection
EndGlobal
